
Microsoft Visual Studio Solution File, Format Version 12.00
# Visual Studio Version 17
VisualStudioVersion = 17.3.32901.215
MinimumVisualStudioVersion = 10.0.40219.1
Project("{FAE04EC0-301F-11D3-BF4B-00C04F79EFBC}") = "lab-3boat", "lab-3boat\lab-3boat.csproj", "{DFE9FAE9-E358-4324-AE04-B873A6FA0DCC}"
	ProjectSection(ProjectDependencies) = postProject
		{B65D4861-85D2-40B2-8FD8-648E93B8B948} = {B65D4861-85D2-40B2-8FD8-648E93B8B948}
	EndProjectSection
EndProject
Project("{FAE04EC0-301F-11D3-BF4B-00C04F79EFBC}") = "MyLib", "MyLib\MyLib.csproj", "{B65D4861-85D2-40B2-8FD8-648E93B8B948}"
EndProject
Global
	GlobalSection(SolutionConfigurationPlatforms) = preSolution
		Debug|Any CPU = Debug|Any CPU
		Release|Any CPU = Release|Any CPU
	EndGlobalSection
	GlobalSection(ProjectConfigurationPlatforms) = postSolution
		{DFE9FAE9-E358-4324-AE04-B873A6FA0DCC}.Debug|Any CPU.ActiveCfg = Debug|Any CPU
		{DFE9FAE9-E358-4324-AE04-B873A6FA0DCC}.Debug|Any CPU.Build.0 = Debug|Any CPU
		{DFE9FAE9-E358-4324-AE04-B873A6FA0DCC}.Release|Any CPU.ActiveCfg = Release|Any CPU
		{DFE9FAE9-E358-4324-AE04-B873A6FA0DCC}.Release|Any CPU.Build.0 = Release|Any CPU
		{B65D4861-85D2-40B2-8FD8-648E93B8B948}.Debug|Any CPU.ActiveCfg = Debug|Any CPU
		{B65D4861-85D2-40B2-8FD8-648E93B8B948}.Debug|Any CPU.Build.0 = Debug|Any CPU
		{B65D4861-85D2-40B2-8FD8-648E93B8B948}.Release|Any CPU.ActiveCfg = Release|Any CPU
		{B65D4861-85D2-40B2-8FD8-648E93B8B948}.Release|Any CPU.Build.0 = Release|Any CPU
	EndGlobalSection
	GlobalSection(SolutionProperties) = preSolution
		HideSolutionNode = FALSE
	EndGlobalSection
	GlobalSection(ExtensibilityGlobals) = postSolution
		SolutionGuid = {DD1EAF72-44B0-41F7-8AA1-DA1FC4EEBEDD}
	EndGlobalSection
EndGlobal
