
Microsoft Visual Studio Solution File, Format Version 12.00
# Visual Studio Version 17
VisualStudioVersion = 17.3.32901.215
MinimumVisualStudioVersion = 10.0.40219.1
Project("{FAE04EC0-301F-11D3-BF4B-00C04F79EFBC}") = "lab-4OOP", "lab-4OOP\lab-4OOP.csproj", "{EE34F8AD-DFF6-47BE-A99F-52F668D7026D}"
EndProject
Project("{FAE04EC0-301F-11D3-BF4B-00C04F79EFBC}") = "Mylib", "Mylib\Mylib.csproj", "{15DE9C7B-BF3C-44AC-A7C1-F4E71BBB707B}"
EndProject
Global
	GlobalSection(SolutionConfigurationPlatforms) = preSolution
		Debug|Any CPU = Debug|Any CPU
		Release|Any CPU = Release|Any CPU
	EndGlobalSection
	GlobalSection(ProjectConfigurationPlatforms) = postSolution
		{EE34F8AD-DFF6-47BE-A99F-52F668D7026D}.Debug|Any CPU.ActiveCfg = Debug|Any CPU
		{EE34F8AD-DFF6-47BE-A99F-52F668D7026D}.Debug|Any CPU.Build.0 = Debug|Any CPU
		{EE34F8AD-DFF6-47BE-A99F-52F668D7026D}.Release|Any CPU.ActiveCfg = Release|Any CPU
		{EE34F8AD-DFF6-47BE-A99F-52F668D7026D}.Release|Any CPU.Build.0 = Release|Any CPU
		{15DE9C7B-BF3C-44AC-A7C1-F4E71BBB707B}.Debug|Any CPU.ActiveCfg = Debug|Any CPU
		{15DE9C7B-BF3C-44AC-A7C1-F4E71BBB707B}.Debug|Any CPU.Build.0 = Debug|Any CPU
		{15DE9C7B-BF3C-44AC-A7C1-F4E71BBB707B}.Release|Any CPU.ActiveCfg = Release|Any CPU
		{15DE9C7B-BF3C-44AC-A7C1-F4E71BBB707B}.Release|Any CPU.Build.0 = Release|Any CPU
	EndGlobalSection
	GlobalSection(SolutionProperties) = preSolution
		HideSolutionNode = FALSE
	EndGlobalSection
	GlobalSection(ExtensibilityGlobals) = postSolution
		SolutionGuid = {B0DFCE70-67A1-49DE-AD53-534D79C41FCD}
	EndGlobalSection
EndGlobal
